# This file is automatically @generated by Cargo.
# It is not intended for manual editing.
version = 3

[[package]]
name = "gl_generator"
version = "0.14.0"
source = "registry+https://github.com/rust-lang/crates.io-index"
checksum = "1a95dfc23a2b4a9a2f5ab41d194f8bfda3cabec42af4e39f08c339eb2a0c124d"
dependencies = [
 "khronos_api",
 "log",
 "xml-rs",
]

[[package]]
name = "khronos_api"
version = "3.1.0"
source = "registry+https://github.com/rust-lang/crates.io-index"
checksum = "e2db585e1d738fc771bf08a151420d3ed193d9d895a36df7f6f8a9456b911ddc"

[[package]]
name = "log"
version = "0.4.27"
source = "registry+https://github.com/rust-lang/crates.io-index"
checksum = "13dc2df351e3202783a1fe0d44375f7295ffb4049267b0f3018346dc122a1d94"

[[package]]
name = "lumberjack"
version = "0.1.0"
dependencies = [
 "gl_generator",
]

[[package]]
name = "xml-rs"
version = "0.8.25"
source = "registry+https://github.com/rust-lang/crates.io-index"
checksum = "c5b940ebc25896e71dd073bad2dbaa2abfe97b0a391415e22ad1326d9c54e3c4"
